<?xml version="1.0" encoding="utf-8"?>
<Project ToolsVersion="4.0" xmlns="http://schemas.microsoft.com/developer/msbuild/2003">
  <ItemGroup>
    <Filter Include="源文件">
      <UniqueIdentifier>{4FC737F1-C7A5-4376-A066-2A32D752A2FF}</UniqueIdentifier>
      <Extensions>cpp;c;cc;cxx;def;odl;idl;hpj;bat;asm;asmx</Extensions>
    </Filter>
    <Filter Include="头文件">
      <UniqueIdentifier>{93995380-89BD-4b04-88EB-625FBE52EBFB}</UniqueIdentifier>
      <Extensions>h;hh;hpp;hxx;hm;inl;inc;xsd</Extensions>
    </Filter>
    <Filter Include="资源文件">
      <UniqueIdentifier>{67DA6AB6-F800-4c08-8B7A-83BB121AAD01}</UniqueIdentifier>
      <Extensions>rc;ico;cur;bmp;dlg;rc2;rct;bin;rgs;gif;jpg;jpeg;jpe;resx;tiff;tif;png;wav;mfcribbon-ms</Extensions>
    </Filter>
    <Filter Include="src">
      <UniqueIdentifier>{23a1620b-757c-40bc-be79-e0296dc1cc27}</UniqueIdentifier>
    </Filter>
    <Filter Include="win">
      <UniqueIdentifier>{96978fde-3cb5-46ab-8d3d-2be6452ada12}</UniqueIdentifier>
    </Filter>
    <Filter Include="src\crypto">
      <UniqueIdentifier>{2d2c793f-df20-4403-9dc3-7a70f3439512}</UniqueIdentifier>
    </Filter>
    <Filter Include="src\crypto\ctaes">
      <UniqueIdentifier>{26921a20-ba7f-4f50-9c41-296e829a2c36}</UniqueIdentifier>
    </Filter>
    <Filter Include="src\compact">
      <UniqueIdentifier>{e056477b-7bf4-4458-a43a-55c5ddd97184}</UniqueIdentifier>
    </Filter>
  </ItemGroup>
  <ItemGroup>
    <Text Include="ReadMe.txt" />
  </ItemGroup>
  <ItemGroup>
    <ClInclude Include="stdafx.h">
      <Filter>头文件</Filter>
    </ClInclude>
    <ClInclude Include="targetver.h">
      <Filter>头文件</Filter>
    </ClInclude>
    <ClInclude Include="..\..\..\src\crypto\ctaes\ctaes.h">
      <Filter>src\crypto\ctaes</Filter>
    </ClInclude>
    <ClInclude Include="..\funcs.h">
      <Filter>win</Filter>
    </ClInclude>
    <ClInclude Include="..\timec.h">
      <Filter>win</Filter>
    </ClInclude>
    <ClInclude Include="..\config.h">
      <Filter>win</Filter>
    </ClInclude>
    <ClInclude Include="..\..\..\src\crypto\aes.h">
      <Filter>src\crypto</Filter>
    </ClInclude>
    <ClInclude Include="..\..\..\src\crypto\chacha20.h">
      <Filter>src\crypto</Filter>
    </ClInclude>
    <ClInclude Include="..\..\..\src\crypto\common.h">
      <Filter>src\crypto</Filter>
    </ClInclude>
    <ClInclude Include="..\..\..\src\crypto\hmac_sha256.h">
      <Filter>src\crypto</Filter>
    </ClInclude>
    <ClInclude Include="..\..\..\src\crypto\hmac_sha512.h">
      <Filter>src\crypto</Filter>
    </ClInclude>
    <ClInclude Include="..\..\..\src\crypto\ripemd160.h">
      <Filter>src\crypto</Filter>
    </ClInclude>
    <ClInclude Include="..\..\..\src\crypto\sha1.h">
      <Filter>src\crypto</Filter>
    </ClInclude>
    <ClInclude Include="..\..\..\src\crypto\sha256.h">
      <Filter>src\crypto</Filter>
    </ClInclude>
    <ClInclude Include="..\..\..\src\crypto\sha512.h">
      <Filter>src\crypto</Filter>
    </ClInclude>
    <ClInclude Include="..\..\..\src\compat\sanity.h">
      <Filter>src\compact</Filter>
    </ClInclude>
    <ClInclude Include="..\..\..\src\compat\byteswap.h">
      <Filter>src\compact</Filter>
    </ClInclude>
    <ClInclude Include="..\..\..\src\compat\endian.h">
      <Filter>src\compact</Filter>
    </ClInclude>
    <ClInclude Include="..\timer.h">
      <Filter>win</Filter>
    </ClInclude>
  </ItemGroup>
  <ItemGroup>
    <ClCompile Include="stdafx.cpp">
      <Filter>源文件</Filter>
    </ClCompile>
    <ClCompile Include="crypto_main.cpp">
      <Filter>源文件</Filter>
    </ClCompile>
    <ClCompile Include="..\..\..\src\crypto\ctaes\ctaes.c">
      <Filter>src\crypto\ctaes</Filter>
    </ClCompile>
    <ClCompile Include="..\..\..\src\crypto\ctaes\bench.c">
      <Filter>src\crypto\ctaes</Filter>
    </ClCompile>
    <ClCompile Include="..\..\..\src\crypto\ctaes\test.c">
      <Filter>src\crypto\ctaes</Filter>
    </ClCompile>
    <ClCompile Include="..\funcs.cpp">
      <Filter>win</Filter>
    </ClCompile>
    <ClCompile Include="..\..\..\src\crypto\aes.cpp">
      <Filter>src\crypto</Filter>
    </ClCompile>
    <ClCompile Include="..\..\..\src\crypto\chacha20.cpp">
      <Filter>src\crypto</Filter>
    </ClCompile>
    <ClCompile Include="..\..\..\src\crypto\hmac_sha256.cpp">
      <Filter>src\crypto</Filter>
    </ClCompile>
    <ClCompile Include="..\..\..\src\crypto\hmac_sha512.cpp">
      <Filter>src\crypto</Filter>
    </ClCompile>
    <ClCompile Include="..\..\..\src\crypto\ripemd160.cpp">
      <Filter>src\crypto</Filter>
    </ClCompile>
    <ClCompile Include="..\..\..\src\crypto\sha1.cpp">
      <Filter>src\crypto</Filter>
    </ClCompile>
    <ClCompile Include="..\..\..\src\crypto\sha256.cpp">
      <Filter>src\crypto</Filter>
    </ClCompile>
    <ClCompile Include="..\..\..\src\crypto\sha256_sse4.cpp">
      <Filter>src\crypto</Filter>
    </ClCompile>
    <ClCompile Include="..\..\..\src\crypto\sha512.cpp">
      <Filter>src\crypto</Filter>
    </ClCompile>
    <ClCompile Include="..\..\..\src\compat\glibc_compat.cpp">
      <Filter>src\compact</Filter>
    </ClCompile>
    <ClCompile Include="..\..\..\src\compat\glibc_sanity.cpp">
      <Filter>src\compact</Filter>
    </ClCompile>
    <ClCompile Include="..\..\..\src\compat\glibcxx_sanity.cpp">
      <Filter>src\compact</Filter>
    </ClCompile>
    <ClCompile Include="..\..\..\src\compat\strnlen.cpp">
      <Filter>src\compact</Filter>
    </ClCompile>
    <ClCompile Include="..\timer.cpp">
      <Filter>win</Filter>
    </ClCompile>
  </ItemGroup>
</Project>